
Microsoft Visual Studio Solution File, Format Version 12.00
# Visual Studio Version 17
VisualStudioVersion = 17.11.35327.3
MinimumVisualStudioVersion = 10.0.40219.1
Project("{9A19103F-16F7-4668-BE54-9A1E7A4F7556}") = "CustomerService.webApi", "CustomerService.webApi\CustomerService.webApi.csproj", "{4B436772-CF8C-4679-8AEE-C9B3EF1E5C02}"
EndProject
Project("{9A19103F-16F7-4668-BE54-9A1E7A4F7556}") = "Repository", "Repository\Repository.csproj", "{6409DFBE-D2EA-4860-BD5C-76235FBD96A2}"
EndProject
Project("{FAE04EC0-301F-11D3-BF4B-00C04F79EFBC}") = "DataContext", "DataContext\DataContext.csproj", "{EFF6A8C2-FB33-496B-9F47-19A029F6A9C2}"
EndProject
Project("{FAE04EC0-301F-11D3-BF4B-00C04F79EFBC}") = "Common", "Common\Common.csproj", "{8987FB70-1969-4D98-AD18-57F6024AB8D1}"
EndProject
Project("{FAE04EC0-301F-11D3-BF4B-00C04F79EFBC}") = "Service", "Service\Service.csproj", "{741E6D27-A3C4-406C-8A38-1E79A82C0C3C}"
EndProject
Global
	GlobalSection(SolutionConfigurationPlatforms) = preSolution
		Debug|Any CPU = Debug|Any CPU
		Release|Any CPU = Release|Any CPU
	EndGlobalSection
	GlobalSection(ProjectConfigurationPlatforms) = postSolution
		{4B436772-CF8C-4679-8AEE-C9B3EF1E5C02}.Debug|Any CPU.ActiveCfg = Debug|Any CPU
		{4B436772-CF8C-4679-8AEE-C9B3EF1E5C02}.Debug|Any CPU.Build.0 = Debug|Any CPU
		{4B436772-CF8C-4679-8AEE-C9B3EF1E5C02}.Release|Any CPU.ActiveCfg = Release|Any CPU
		{4B436772-CF8C-4679-8AEE-C9B3EF1E5C02}.Release|Any CPU.Build.0 = Release|Any CPU
		{6409DFBE-D2EA-4860-BD5C-76235FBD96A2}.Debug|Any CPU.ActiveCfg = Debug|Any CPU
		{6409DFBE-D2EA-4860-BD5C-76235FBD96A2}.Debug|Any CPU.Build.0 = Debug|Any CPU
		{6409DFBE-D2EA-4860-BD5C-76235FBD96A2}.Release|Any CPU.ActiveCfg = Release|Any CPU
		{6409DFBE-D2EA-4860-BD5C-76235FBD96A2}.Release|Any CPU.Build.0 = Release|Any CPU
		{EFF6A8C2-FB33-496B-9F47-19A029F6A9C2}.Debug|Any CPU.ActiveCfg = Debug|Any CPU
		{EFF6A8C2-FB33-496B-9F47-19A029F6A9C2}.Debug|Any CPU.Build.0 = Debug|Any CPU
		{EFF6A8C2-FB33-496B-9F47-19A029F6A9C2}.Release|Any CPU.ActiveCfg = Release|Any CPU
		{EFF6A8C2-FB33-496B-9F47-19A029F6A9C2}.Release|Any CPU.Build.0 = Release|Any CPU
		{8987FB70-1969-4D98-AD18-57F6024AB8D1}.Debug|Any CPU.ActiveCfg = Debug|Any CPU
		{8987FB70-1969-4D98-AD18-57F6024AB8D1}.Debug|Any CPU.Build.0 = Debug|Any CPU
		{8987FB70-1969-4D98-AD18-57F6024AB8D1}.Release|Any CPU.ActiveCfg = Release|Any CPU
		{8987FB70-1969-4D98-AD18-57F6024AB8D1}.Release|Any CPU.Build.0 = Release|Any CPU
		{741E6D27-A3C4-406C-8A38-1E79A82C0C3C}.Debug|Any CPU.ActiveCfg = Debug|Any CPU
		{741E6D27-A3C4-406C-8A38-1E79A82C0C3C}.Debug|Any CPU.Build.0 = Debug|Any CPU
		{741E6D27-A3C4-406C-8A38-1E79A82C0C3C}.Release|Any CPU.ActiveCfg = Release|Any CPU
		{741E6D27-A3C4-406C-8A38-1E79A82C0C3C}.Release|Any CPU.Build.0 = Release|Any CPU
	EndGlobalSection
	GlobalSection(SolutionProperties) = preSolution
		HideSolutionNode = FALSE
	EndGlobalSection
	GlobalSection(ExtensibilityGlobals) = postSolution
		SolutionGuid = {BA7BE447-BDEB-430C-8BB0-F186BE2DBCFB}
	EndGlobalSection
EndGlobal
